
Microsoft Visual Studio Solution File, Format Version 12.00
# Visual Studio 14
VisualStudioVersion = 14.0.25420.1
MinimumVisualStudioVersion = 10.0.40219.1
Project("{8BC9CEB8-8B4A-11D0-8D11-00A0C91BC942}") = "SDLProject", "SDLProject\SDLProject.vcxproj", "{6E9B2A4A-2778-466E-9F67-D0361CC74A35}"
	ProjectSection(ProjectDependencies) = postProject
		{2BD5534E-00E2-4BEA-AC96-D9A92EA24696} = {2BD5534E-00E2-4BEA-AC96-D9A92EA24696}
		{81CE8DAF-EBB2-4761-8E45-B71ABCCA8C68} = {81CE8DAF-EBB2-4761-8E45-B71ABCCA8C68}
		{DA956FD3-E142-46F2-9DD5-C78BEBB56B7A} = {DA956FD3-E142-46F2-9DD5-C78BEBB56B7A}
	EndProjectSection
EndProject
Project("{8BC9CEB8-8B4A-11D0-8D11-00A0C91BC942}") = "SDL2", "SDLProject\SDL2\VisualC\SDL\SDL.vcxproj", "{81CE8DAF-EBB2-4761-8E45-B71ABCCA8C68}"
EndProject
Project("{8BC9CEB8-8B4A-11D0-8D11-00A0C91BC942}") = "SDL2main", "SDLProject\SDL2\VisualC\SDLmain\SDLmain.vcxproj", "{DA956FD3-E142-46F2-9DD5-C78BEBB56B7A}"
EndProject
Project("{8BC9CEB8-8B4A-11D0-8D11-00A0C91BC942}") = "SDL2_image", "SDLProject\SDL2_image\VisualC\SDL_image.vcxproj", "{2BD5534E-00E2-4BEA-AC96-D9A92EA24696}"
	ProjectSection(ProjectDependencies) = postProject
		{81CE8DAF-EBB2-4761-8E45-B71ABCCA8C68} = {81CE8DAF-EBB2-4761-8E45-B71ABCCA8C68}
		{DA956FD3-E142-46F2-9DD5-C78BEBB56B7A} = {DA956FD3-E142-46F2-9DD5-C78BEBB56B7A}
	EndProjectSection
EndProject
Project("{8BC9CEB8-8B4A-11D0-8D11-00A0C91BC942}") = "SDL2_mixer", "SDLProject\SDL2_mixer\VisualC\SDL_mixer.vcxproj", "{F7E944B3-0815-40CD-B3E4-90B2A15B0E33}"
EndProject
Project("{8BC9CEB8-8B4A-11D0-8D11-00A0C91BC942}") = "native_midi", "SDLProject\SDL2_mixer\VisualC\native_midi\native_midi.vcxproj", "{EBDA67CA-4A23-4F22-BFBC-B8DBE0580D4F}"
EndProject
Project("{8BC9CEB8-8B4A-11D0-8D11-00A0C91BC942}") = "timidity", "SDLProject\SDL2_mixer\VisualC\timidity\timidity.vcxproj", "{B162B6F1-E876-4D5F-A1F6-E3A6DC2F4A2C}"
EndProject
Project("{8BC9CEB8-8B4A-11D0-8D11-00A0C91BC942}") = "playmus", "SDLProject\SDL2_mixer\VisualC\playmus\playmus.vcxproj", "{72CB0DD4-051D-486C-9CB3-75FE16F7D87A}"
EndProject
Project("{8BC9CEB8-8B4A-11D0-8D11-00A0C91BC942}") = "playwave", "SDLProject\SDL2_mixer\VisualC\playwave\playwave.vcxproj", "{AC86CEAA-9908-476F-B15F-C7193CEF81BD}"
EndProject
Project("{2150E333-8FDC-42A3-9474-1A3956D46DE8}") = "Depencies", "Depencies", "{28903C34-C4B2-40C3-8480-967E83D1C3F5}"
EndProject
Project("{8BC9CEB8-8B4A-11D0-8D11-00A0C91BC942}") = "SDL2_ttf", "SDLProject\SDL2_ttf\VisualC\SDL_ttf.vcxproj", "{DDDBD07D-DC76-4AF6-8D02-3E2DEB6EE255}"
EndProject
Global
	GlobalSection(SolutionConfigurationPlatforms) = preSolution
		Debug|x64 = Debug|x64
		Debug|x86 = Debug|x86
		Release|x64 = Release|x64
		Release|x86 = Release|x86
	EndGlobalSection
	GlobalSection(ProjectConfigurationPlatforms) = postSolution
		{6E9B2A4A-2778-466E-9F67-D0361CC74A35}.Debug|x64.ActiveCfg = Debug|x64
		{6E9B2A4A-2778-466E-9F67-D0361CC74A35}.Debug|x64.Build.0 = Debug|x64
		{6E9B2A4A-2778-466E-9F67-D0361CC74A35}.Debug|x86.ActiveCfg = Debug|Win32
		{6E9B2A4A-2778-466E-9F67-D0361CC74A35}.Debug|x86.Build.0 = Debug|Win32
		{6E9B2A4A-2778-466E-9F67-D0361CC74A35}.Release|x64.ActiveCfg = Release|x64
		{6E9B2A4A-2778-466E-9F67-D0361CC74A35}.Release|x64.Build.0 = Release|x64
		{6E9B2A4A-2778-466E-9F67-D0361CC74A35}.Release|x86.ActiveCfg = Release|Win32
		{6E9B2A4A-2778-466E-9F67-D0361CC74A35}.Release|x86.Build.0 = Release|Win32
		{81CE8DAF-EBB2-4761-8E45-B71ABCCA8C68}.Debug|x64.ActiveCfg = Debug|x64
		{81CE8DAF-EBB2-4761-8E45-B71ABCCA8C68}.Debug|x64.Build.0 = Debug|x64
		{81CE8DAF-EBB2-4761-8E45-B71ABCCA8C68}.Debug|x86.ActiveCfg = Debug|Win32
		{81CE8DAF-EBB2-4761-8E45-B71ABCCA8C68}.Debug|x86.Build.0 = Debug|Win32
		{81CE8DAF-EBB2-4761-8E45-B71ABCCA8C68}.Release|x64.ActiveCfg = Release|x64
		{81CE8DAF-EBB2-4761-8E45-B71ABCCA8C68}.Release|x64.Build.0 = Release|x64
		{81CE8DAF-EBB2-4761-8E45-B71ABCCA8C68}.Release|x86.ActiveCfg = Release|Win32
		{81CE8DAF-EBB2-4761-8E45-B71ABCCA8C68}.Release|x86.Build.0 = Release|Win32
		{DA956FD3-E142-46F2-9DD5-C78BEBB56B7A}.Debug|x64.ActiveCfg = Debug|x64
		{DA956FD3-E142-46F2-9DD5-C78BEBB56B7A}.Debug|x64.Build.0 = Debug|x64
		{DA956FD3-E142-46F2-9DD5-C78BEBB56B7A}.Debug|x86.ActiveCfg = Debug|Win32
		{DA956FD3-E142-46F2-9DD5-C78BEBB56B7A}.Debug|x86.Build.0 = Debug|Win32
		{DA956FD3-E142-46F2-9DD5-C78BEBB56B7A}.Release|x64.ActiveCfg = Release|x64
		{DA956FD3-E142-46F2-9DD5-C78BEBB56B7A}.Release|x64.Build.0 = Release|x64
		{DA956FD3-E142-46F2-9DD5-C78BEBB56B7A}.Release|x86.ActiveCfg = Release|Win32
		{DA956FD3-E142-46F2-9DD5-C78BEBB56B7A}.Release|x86.Build.0 = Release|Win32
		{2BD5534E-00E2-4BEA-AC96-D9A92EA24696}.Debug|x64.ActiveCfg = Debug|x64
		{2BD5534E-00E2-4BEA-AC96-D9A92EA24696}.Debug|x64.Build.0 = Debug|x64
		{2BD5534E-00E2-4BEA-AC96-D9A92EA24696}.Debug|x86.ActiveCfg = Debug|Win32
		{2BD5534E-00E2-4BEA-AC96-D9A92EA24696}.Debug|x86.Build.0 = Debug|Win32
		{2BD5534E-00E2-4BEA-AC96-D9A92EA24696}.Release|x64.ActiveCfg = Release|x64
		{2BD5534E-00E2-4BEA-AC96-D9A92EA24696}.Release|x64.Build.0 = Release|x64
		{2BD5534E-00E2-4BEA-AC96-D9A92EA24696}.Release|x86.ActiveCfg = Release|Win32
		{2BD5534E-00E2-4BEA-AC96-D9A92EA24696}.Release|x86.Build.0 = Release|Win32
		{F7E944B3-0815-40CD-B3E4-90B2A15B0E33}.Debug|x64.ActiveCfg = Debug|x64
		{F7E944B3-0815-40CD-B3E4-90B2A15B0E33}.Debug|x64.Build.0 = Debug|x64
		{F7E944B3-0815-40CD-B3E4-90B2A15B0E33}.Debug|x86.ActiveCfg = Debug|Win32
		{F7E944B3-0815-40CD-B3E4-90B2A15B0E33}.Debug|x86.Build.0 = Debug|Win32
		{F7E944B3-0815-40CD-B3E4-90B2A15B0E33}.Release|x64.ActiveCfg = Release|x64
		{F7E944B3-0815-40CD-B3E4-90B2A15B0E33}.Release|x64.Build.0 = Release|x64
		{F7E944B3-0815-40CD-B3E4-90B2A15B0E33}.Release|x86.ActiveCfg = Release|Win32
		{F7E944B3-0815-40CD-B3E4-90B2A15B0E33}.Release|x86.Build.0 = Release|Win32
		{EBDA67CA-4A23-4F22-BFBC-B8DBE0580D4F}.Debug|x64.ActiveCfg = Debug|x64
		{EBDA67CA-4A23-4F22-BFBC-B8DBE0580D4F}.Debug|x64.Build.0 = Debug|x64
		{EBDA67CA-4A23-4F22-BFBC-B8DBE0580D4F}.Debug|x86.ActiveCfg = Debug|Win32
		{EBDA67CA-4A23-4F22-BFBC-B8DBE0580D4F}.Debug|x86.Build.0 = Debug|Win32
		{EBDA67CA-4A23-4F22-BFBC-B8DBE0580D4F}.Release|x64.ActiveCfg = Release|x64
		{EBDA67CA-4A23-4F22-BFBC-B8DBE0580D4F}.Release|x64.Build.0 = Release|x64
		{EBDA67CA-4A23-4F22-BFBC-B8DBE0580D4F}.Release|x86.ActiveCfg = Release|Win32
		{EBDA67CA-4A23-4F22-BFBC-B8DBE0580D4F}.Release|x86.Build.0 = Release|Win32
		{B162B6F1-E876-4D5F-A1F6-E3A6DC2F4A2C}.Debug|x64.ActiveCfg = Debug|x64
		{B162B6F1-E876-4D5F-A1F6-E3A6DC2F4A2C}.Debug|x64.Build.0 = Debug|x64
		{B162B6F1-E876-4D5F-A1F6-E3A6DC2F4A2C}.Debug|x86.ActiveCfg = Debug|Win32
		{B162B6F1-E876-4D5F-A1F6-E3A6DC2F4A2C}.Debug|x86.Build.0 = Debug|Win32
		{B162B6F1-E876-4D5F-A1F6-E3A6DC2F4A2C}.Release|x64.ActiveCfg = Release|x64
		{B162B6F1-E876-4D5F-A1F6-E3A6DC2F4A2C}.Release|x64.Build.0 = Release|x64
		{B162B6F1-E876-4D5F-A1F6-E3A6DC2F4A2C}.Release|x86.ActiveCfg = Release|Win32
		{B162B6F1-E876-4D5F-A1F6-E3A6DC2F4A2C}.Release|x86.Build.0 = Release|Win32
		{72CB0DD4-051D-486C-9CB3-75FE16F7D87A}.Debug|x64.ActiveCfg = Debug|x64
		{72CB0DD4-051D-486C-9CB3-75FE16F7D87A}.Debug|x64.Build.0 = Debug|x64
		{72CB0DD4-051D-486C-9CB3-75FE16F7D87A}.Debug|x86.ActiveCfg = Debug|Win32
		{72CB0DD4-051D-486C-9CB3-75FE16F7D87A}.Debug|x86.Build.0 = Debug|Win32
		{72CB0DD4-051D-486C-9CB3-75FE16F7D87A}.Release|x64.ActiveCfg = Release|x64
		{72CB0DD4-051D-486C-9CB3-75FE16F7D87A}.Release|x64.Build.0 = Release|x64
		{72CB0DD4-051D-486C-9CB3-75FE16F7D87A}.Release|x86.ActiveCfg = Release|Win32
		{72CB0DD4-051D-486C-9CB3-75FE16F7D87A}.Release|x86.Build.0 = Release|Win32
		{AC86CEAA-9908-476F-B15F-C7193CEF81BD}.Debug|x64.ActiveCfg = Debug|x64
		{AC86CEAA-9908-476F-B15F-C7193CEF81BD}.Debug|x64.Build.0 = Debug|x64
		{AC86CEAA-9908-476F-B15F-C7193CEF81BD}.Debug|x86.ActiveCfg = Debug|Win32
		{AC86CEAA-9908-476F-B15F-C7193CEF81BD}.Debug|x86.Build.0 = Debug|Win32
		{AC86CEAA-9908-476F-B15F-C7193CEF81BD}.Release|x64.ActiveCfg = Release|x64
		{AC86CEAA-9908-476F-B15F-C7193CEF81BD}.Release|x64.Build.0 = Release|x64
		{AC86CEAA-9908-476F-B15F-C7193CEF81BD}.Release|x86.ActiveCfg = Release|Win32
		{AC86CEAA-9908-476F-B15F-C7193CEF81BD}.Release|x86.Build.0 = Release|Win32
		{DDDBD07D-DC76-4AF6-8D02-3E2DEB6EE255}.Debug|x64.ActiveCfg = Debug|x64
		{DDDBD07D-DC76-4AF6-8D02-3E2DEB6EE255}.Debug|x64.Build.0 = Debug|x64
		{DDDBD07D-DC76-4AF6-8D02-3E2DEB6EE255}.Debug|x86.ActiveCfg = Debug|Win32
		{DDDBD07D-DC76-4AF6-8D02-3E2DEB6EE255}.Debug|x86.Build.0 = Debug|Win32
		{DDDBD07D-DC76-4AF6-8D02-3E2DEB6EE255}.Release|x64.ActiveCfg = Release|x64
		{DDDBD07D-DC76-4AF6-8D02-3E2DEB6EE255}.Release|x64.Build.0 = Release|x64
		{DDDBD07D-DC76-4AF6-8D02-3E2DEB6EE255}.Release|x86.ActiveCfg = Release|Win32
		{DDDBD07D-DC76-4AF6-8D02-3E2DEB6EE255}.Release|x86.Build.0 = Release|Win32
	EndGlobalSection
	GlobalSection(SolutionProperties) = preSolution
		HideSolutionNode = FALSE
	EndGlobalSection
	GlobalSection(NestedProjects) = preSolution
		{81CE8DAF-EBB2-4761-8E45-B71ABCCA8C68} = {28903C34-C4B2-40C3-8480-967E83D1C3F5}
		{DA956FD3-E142-46F2-9DD5-C78BEBB56B7A} = {28903C34-C4B2-40C3-8480-967E83D1C3F5}
		{2BD5534E-00E2-4BEA-AC96-D9A92EA24696} = {28903C34-C4B2-40C3-8480-967E83D1C3F5}
		{F7E944B3-0815-40CD-B3E4-90B2A15B0E33} = {28903C34-C4B2-40C3-8480-967E83D1C3F5}
		{EBDA67CA-4A23-4F22-BFBC-B8DBE0580D4F} = {28903C34-C4B2-40C3-8480-967E83D1C3F5}
		{B162B6F1-E876-4D5F-A1F6-E3A6DC2F4A2C} = {28903C34-C4B2-40C3-8480-967E83D1C3F5}
		{72CB0DD4-051D-486C-9CB3-75FE16F7D87A} = {28903C34-C4B2-40C3-8480-967E83D1C3F5}
		{AC86CEAA-9908-476F-B15F-C7193CEF81BD} = {28903C34-C4B2-40C3-8480-967E83D1C3F5}
		{DDDBD07D-DC76-4AF6-8D02-3E2DEB6EE255} = {28903C34-C4B2-40C3-8480-967E83D1C3F5}
	EndGlobalSection
EndGlobal
